
Microsoft Visual Studio Solution File, Format Version 12.00
# Visual Studio Version 16
VisualStudioVersion = 16.0.28803.202
MinimumVisualStudioVersion = 10.0.40219.1
Project("{9A19103F-16F7-4668-BE54-9A1E7A4F7556}") = "Console_test_Sort", "Console_test_Sort\Console_test_Sort.csproj", "{B0697477-D049-45C4-AFA9-5B83C85F0042}"
EndProject
Project("{FAE04EC0-301F-11D3-BF4B-00C04F79EFBC}") = "UnitTests", "UnitTests\UnitTests.csproj", "{AB8B38EB-999D-4770-85FC-6ED5949A3AF7}"
EndProject
Global
	GlobalSection(SolutionConfigurationPlatforms) = preSolution
		Debug|Any CPU = Debug|Any CPU
		Release|Any CPU = Release|Any CPU
	EndGlobalSection
	GlobalSection(ProjectConfigurationPlatforms) = postSolution
		{B0697477-D049-45C4-AFA9-5B83C85F0042}.Debug|Any CPU.ActiveCfg = Debug|Any CPU
		{B0697477-D049-45C4-AFA9-5B83C85F0042}.Debug|Any CPU.Build.0 = Debug|Any CPU
		{B0697477-D049-45C4-AFA9-5B83C85F0042}.Release|Any CPU.ActiveCfg = Release|Any CPU
		{B0697477-D049-45C4-AFA9-5B83C85F0042}.Release|Any CPU.Build.0 = Release|Any CPU
		{AB8B38EB-999D-4770-85FC-6ED5949A3AF7}.Debug|Any CPU.ActiveCfg = Debug|Any CPU
		{AB8B38EB-999D-4770-85FC-6ED5949A3AF7}.Debug|Any CPU.Build.0 = Debug|Any CPU
		{AB8B38EB-999D-4770-85FC-6ED5949A3AF7}.Release|Any CPU.ActiveCfg = Release|Any CPU
		{AB8B38EB-999D-4770-85FC-6ED5949A3AF7}.Release|Any CPU.Build.0 = Release|Any CPU
	EndGlobalSection
	GlobalSection(SolutionProperties) = preSolution
		HideSolutionNode = FALSE
	EndGlobalSection
	GlobalSection(ExtensibilityGlobals) = postSolution
		SolutionGuid = {F81AEE11-23E3-4908-A814-140A681188E4}
	EndGlobalSection
EndGlobal
